
Microsoft Visual Studio Solution File, Format Version 12.00
# Visual Studio Version 17
VisualStudioVersion = 17.2.32616.157
MinimumVisualStudioVersion = 10.0.40219.1
Project("{FAE04EC0-301F-11D3-BF4B-00C04F79EFBC}") = "BeginnerBot", "BeginnerBot\BeginnerBot.csproj", "{92AA8159-8E6B-47B2-B437-A7C4C63D29CF}"
EndProject
Global
	GlobalSection(SolutionConfigurationPlatforms) = preSolution
		Debug|Any CPU = Debug|Any CPU
		Release|Any CPU = Release|Any CPU
	EndGlobalSection
	GlobalSection(ProjectConfigurationPlatforms) = postSolution
		{92AA8159-8E6B-47B2-B437-A7C4C63D29CF}.Debug|Any CPU.ActiveCfg = Debug|Any CPU
		{92AA8159-8E6B-47B2-B437-A7C4C63D29CF}.Debug|Any CPU.Build.0 = Debug|Any CPU
		{92AA8159-8E6B-47B2-B437-A7C4C63D29CF}.Release|Any CPU.ActiveCfg = Release|Any CPU
		{92AA8159-8E6B-47B2-B437-A7C4C63D29CF}.Release|Any CPU.Build.0 = Release|Any CPU
	EndGlobalSection
	GlobalSection(SolutionProperties) = preSolution
		HideSolutionNode = FALSE
	EndGlobalSection
	GlobalSection(ExtensibilityGlobals) = postSolution
		SolutionGuid = {51B3F88D-BC61-4E00-997E-7CEAD7F08716}
	EndGlobalSection
EndGlobal
